{
  "version": 4,
  "terraform_version": "1.11.4",
  "serial": 7,
  "lineage": "45ed06a9-5111-1841-3482-4bce697ac476",
  "outputs": {},
  "resources": [
    {
      "mode": "managed",
      "type": "aws_iam_instance_profile",
      "name": "ssm_instance_profile_30eea885-5718-440b-901f-49838544bd05",
      "provider": "provider[\"registry.terraform.io/hashicorp/aws\"]",
      "instances": [
        {
          "schema_version": 0,
          "attributes": {
            "arn": "arn:aws:iam::751057572977:instance-profile/ssm_instance_profile_30eea885-5718-440b-901f-49838544bd05",
            "create_date": "2025-05-22T06:04:27Z",
            "id": "ssm_instance_profile_30eea885-5718-440b-901f-49838544bd05",
            "name": "ssm_instance_profile_30eea885-5718-440b-901f-49838544bd05",
            "name_prefix": "",
            "path": "/",
            "role": "ssm_role_30eea885-5718-440b-901f-49838544bd05",
            "tags": {},
            "tags_all": {},
            "unique_id": "AIPA25XUFCRY5GMEQUR3I"
          },
          "sensitive_attributes": [],
          "private": "bnVsbA==",
          "dependencies": [
            "aws_iam_role.ssm_role_30eea885-5718-440b-901f-49838544bd05"
          ]
        }
      ]
    },
    {
      "mode": "managed",
      "type": "aws_iam_role",
      "name": "ssm_role_30eea885-5718-440b-901f-49838544bd05",
      "provider": "provider[\"registry.terraform.io/hashicorp/aws\"]",
      "instances": [
        {
          "schema_version": 0,
          "attributes": {
            "arn": "arn:aws:iam::751057572977:role/ssm_role_30eea885-5718-440b-901f-49838544bd05",
            "assume_role_policy": "{\"Statement\":[{\"Action\":\"sts:AssumeRole\",\"Effect\":\"Allow\",\"Principal\":{\"Service\":\"ec2.amazonaws.com\"}}],\"Version\":\"2012-10-17\"}",
            "create_date": "2025-05-22T06:04:26Z",
            "description": "",
            "force_detach_policies": false,
            "id": "ssm_role_30eea885-5718-440b-901f-49838544bd05",
            "inline_policy": [],
            "managed_policy_arns": [
              "arn:aws:iam::aws:policy/AmazonSSMManagedInstanceCore"
            ],
            "max_session_duration": 3600,
            "name": "ssm_role_30eea885-5718-440b-901f-49838544bd05",
            "name_prefix": "",
            "path": "/",
            "permissions_boundary": "",
            "tags": {},
            "tags_all": {},
            "unique_id": "AROA25XUFCRYYKLOHIX7C"
          },
          "sensitive_attributes": [],
          "private": "bnVsbA=="
        }
      ]
    },
    {
      "mode": "managed",
      "type": "aws_iam_role_policy_attachment",
      "name": "ssm_role_attach_30eea885-5718-440b-901f-49838544bd05",
      "provider": "provider[\"registry.terraform.io/hashicorp/aws\"]",
      "instances": [
        {
          "schema_version": 0,
          "attributes": {
            "id": "ssm_role_30eea885-5718-440b-901f-49838544bd05-20250522060426088700000001",
            "policy_arn": "arn:aws:iam::aws:policy/AmazonSSMManagedInstanceCore",
            "role": "ssm_role_30eea885-5718-440b-901f-49838544bd05"
          },
          "sensitive_attributes": [],
          "private": "bnVsbA==",
          "dependencies": [
            "aws_iam_role.ssm_role_30eea885-5718-440b-901f-49838544bd05"
          ]
        }
      ]
    }
  ],
  "check_results": null
}
