{
  "version": 4,
  "terraform_version": "1.11.4",
  "serial": 5,
  "lineage": "da4c0e68-0765-51ea-881c-f74a5e09b8d2",
  "outputs": {},
  "resources": [
    {
      "mode": "managed",
      "type": "aws_iam_instance_profile",
      "name": "ssm_instance_profile_8e3a4790-ca30-45a7-b33e-abe7738268c7",
      "provider": "provider[\"registry.terraform.io/hashicorp/aws\"]",
      "instances": [
        {
          "schema_version": 0,
          "attributes": {
            "arn": "arn:aws:iam::751057572977:instance-profile/ssm_instance_profile_8e3a4790-ca30-45a7-b33e-abe7738268c7",
            "create_date": "2025-05-26T16:07:56Z",
            "id": "ssm_instance_profile_8e3a4790-ca30-45a7-b33e-abe7738268c7",
            "name": "ssm_instance_profile_8e3a4790-ca30-45a7-b33e-abe7738268c7",
            "name_prefix": "",
            "path": "/",
            "role": "ssm_role_8e3a4790-ca30-45a7-b33e-abe7738268c7",
            "tags": null,
            "tags_all": {},
            "unique_id": "AIPA25XUFCRYVWMGMRDIR"
          },
          "sensitive_attributes": [],
          "private": "bnVsbA==",
          "dependencies": [
            "aws_iam_role.ssm_role_8e3a4790-ca30-45a7-b33e-abe7738268c7"
          ]
        }
      ]
    },
    {
      "mode": "managed",
      "type": "aws_iam_role",
      "name": "ssm_role_8e3a4790-ca30-45a7-b33e-abe7738268c7",
      "provider": "provider[\"registry.terraform.io/hashicorp/aws\"]",
      "instances": [
        {
          "schema_version": 0,
          "attributes": {
            "arn": "arn:aws:iam::751057572977:role/ssm_role_8e3a4790-ca30-45a7-b33e-abe7738268c7",
            "assume_role_policy": "{\"Statement\":[{\"Action\":\"sts:AssumeRole\",\"Effect\":\"Allow\",\"Principal\":{\"Service\":\"ec2.amazonaws.com\"}}],\"Version\":\"2012-10-17\"}",
            "create_date": "2025-05-26T16:07:54Z",
            "description": "",
            "force_detach_policies": false,
            "id": "ssm_role_8e3a4790-ca30-45a7-b33e-abe7738268c7",
            "inline_policy": [],
            "managed_policy_arns": [],
            "max_session_duration": 3600,
            "name": "ssm_role_8e3a4790-ca30-45a7-b33e-abe7738268c7",
            "name_prefix": "",
            "path": "/",
            "permissions_boundary": "",
            "tags": null,
            "tags_all": {},
            "unique_id": "AROA25XUFCRY2QD5UOLFR"
          },
          "sensitive_attributes": [],
          "private": "bnVsbA=="
        }
      ]
    },
    {
      "mode": "managed",
      "type": "aws_iam_role_policy_attachment",
      "name": "ssm_role_attach_8e3a4790-ca30-45a7-b33e-abe7738268c7",
      "provider": "provider[\"registry.terraform.io/hashicorp/aws\"]",
      "instances": [
        {
          "schema_version": 0,
          "attributes": {
            "id": "ssm_role_8e3a4790-ca30-45a7-b33e-abe7738268c7-20250526160754818300000001",
            "policy_arn": "arn:aws:iam::aws:policy/AmazonSSMManagedInstanceCore",
            "role": "ssm_role_8e3a4790-ca30-45a7-b33e-abe7738268c7"
          },
          "sensitive_attributes": [],
          "private": "bnVsbA==",
          "dependencies": [
            "aws_iam_role.ssm_role_8e3a4790-ca30-45a7-b33e-abe7738268c7"
          ]
        }
      ]
    }
  ],
  "check_results": null
}
