{
  "version": 4,
  "terraform_version": "1.11.4",
  "serial": 5,
  "lineage": "4e6cb715-c559-936b-5aa7-0aa4afa62bbf",
  "outputs": {
    "instance_id": {
      "value": "i-007ae766f58d97f58",
      "type": "string"
    }
  },
  "resources": [
    {
      "mode": "managed",
      "type": "aws_iam_instance_profile",
      "name": "ssm_instance_profile_49f25f35-c886-4d5e-b880-c3c383f4f7c4",
      "provider": "provider[\"registry.terraform.io/hashicorp/aws\"]",
      "instances": [
        {
          "schema_version": 0,
          "attributes": {
            "arn": "arn:aws:iam::751057572977:instance-profile/ssm_instance_profile_49f25f35-c886-4d5e-b880-c3c383f4f7c4",
            "create_date": "2025-05-21T07:20:58Z",
            "id": "ssm_instance_profile_49f25f35-c886-4d5e-b880-c3c383f4f7c4",
            "name": "ssm_instance_profile_49f25f35-c886-4d5e-b880-c3c383f4f7c4",
            "name_prefix": "",
            "path": "/",
            "role": "ssm_role_49f25f35-c886-4d5e-b880-c3c383f4f7c4",
            "tags": null,
            "tags_all": {},
            "unique_id": "AIPA25XUFCRYZJVWKQYBK"
          },
          "sensitive_attributes": [],
          "private": "bnVsbA==",
          "dependencies": [
            "aws_iam_role.ssm_role_49f25f35-c886-4d5e-b880-c3c383f4f7c4"
          ]
        }
      ]
    },
    {
      "mode": "managed",
      "type": "aws_iam_role",
      "name": "ssm_role_49f25f35-c886-4d5e-b880-c3c383f4f7c4",
      "provider": "provider[\"registry.terraform.io/hashicorp/aws\"]",
      "instances": [
        {
          "schema_version": 0,
          "attributes": {
            "arn": "arn:aws:iam::751057572977:role/ssm_role_49f25f35-c886-4d5e-b880-c3c383f4f7c4",
            "assume_role_policy": "{\"Statement\":[{\"Action\":\"sts:AssumeRole\",\"Effect\":\"Allow\",\"Principal\":{\"Service\":\"ec2.amazonaws.com\"}}],\"Version\":\"2012-10-17\"}",
            "create_date": "2025-05-21T07:20:56Z",
            "description": "",
            "force_detach_policies": false,
            "id": "ssm_role_49f25f35-c886-4d5e-b880-c3c383f4f7c4",
            "inline_policy": [],
            "managed_policy_arns": [],
            "max_session_duration": 3600,
            "name": "ssm_role_49f25f35-c886-4d5e-b880-c3c383f4f7c4",
            "name_prefix": "",
            "path": "/",
            "permissions_boundary": "",
            "tags": null,
            "tags_all": {},
            "unique_id": "AROA25XUFCRY7IK5F5VBW"
          },
          "sensitive_attributes": [],
          "private": "bnVsbA=="
        }
      ]
    },
    {
      "mode": "managed",
      "type": "aws_iam_role_policy_attachment",
      "name": "ssm_role_attach_49f25f35-c886-4d5e-b880-c3c383f4f7c4",
      "provider": "provider[\"registry.terraform.io/hashicorp/aws\"]",
      "instances": [
        {
          "schema_version": 0,
          "attributes": {
            "id": "ssm_role_49f25f35-c886-4d5e-b880-c3c383f4f7c4-20250521072057085300000001",
            "policy_arn": "arn:aws:iam::aws:policy/AmazonSSMManagedInstanceCore",
            "role": "ssm_role_49f25f35-c886-4d5e-b880-c3c383f4f7c4"
          },
          "sensitive_attributes": [],
          "private": "bnVsbA==",
          "dependencies": [
            "aws_iam_role.ssm_role_49f25f35-c886-4d5e-b880-c3c383f4f7c4"
          ]
        }
      ]
    },
    {
      "mode": "managed",
      "type": "aws_instance",
      "name": "aws_49f25f35-c886-4d5e-b880-c3c383f4f7c4",
      "provider": "provider[\"registry.terraform.io/hashicorp/aws\"]",
      "instances": [
        {
          "schema_version": 1,
          "attributes": {
            "ami": "ami-090a624d5b9b3792c",
            "arn": "arn:aws:ec2:us-east-1:751057572977:instance/i-007ae766f58d97f58",
            "associate_public_ip_address": true,
            "availability_zone": "us-east-1b",
            "capacity_reservation_specification": [
              {
                "capacity_reservation_preference": "open",
                "capacity_reservation_target": []
              }
            ],
            "cpu_core_count": 1,
            "cpu_options": [
              {
                "amd_sev_snp": "",
                "core_count": 1,
                "threads_per_core": 2
              }
            ],
            "cpu_threads_per_core": 2,
            "credit_specification": [
              {
                "cpu_credits": "unlimited"
              }
            ],
            "disable_api_stop": false,
            "disable_api_termination": false,
            "ebs_block_device": [],
            "ebs_optimized": false,
            "enable_primary_ipv6": null,
            "enclave_options": [
              {
                "enabled": false
              }
            ],
            "ephemeral_block_device": [],
            "get_password_data": false,
            "hibernation": true,
            "host_id": "",
            "host_resource_group_arn": null,
            "iam_instance_profile": "ssm_instance_profile_49f25f35-c886-4d5e-b880-c3c383f4f7c4",
            "id": "i-007ae766f58d97f58",
            "instance_initiated_shutdown_behavior": "stop",
            "instance_lifecycle": "",
            "instance_market_options": [],
            "instance_state": "running",
            "instance_type": "t3.small",
            "ipv6_address_count": 0,
            "ipv6_addresses": [],
            "key_name": "Aws2",
            "launch_template": [],
            "maintenance_options": [
              {
                "auto_recovery": "default"
              }
            ],
            "metadata_options": [
              {
                "http_endpoint": "enabled",
                "http_protocol_ipv6": "disabled",
                "http_put_response_hop_limit": 1,
                "http_tokens": "optional",
                "instance_metadata_tags": "disabled"
              }
            ],
            "monitoring": false,
            "network_interface": [],
            "outpost_arn": "",
            "password_data": "",
            "placement_group": "",
            "placement_partition_number": 0,
            "primary_network_interface_id": "eni-0f6d91ba5f6e134f5",
            "private_dns": "ip-172-31-93-139.ec2.internal",
            "private_dns_name_options": [
              {
                "enable_resource_name_dns_a_record": false,
                "enable_resource_name_dns_aaaa_record": false,
                "hostname_type": "ip-name"
              }
            ],
            "private_ip": "172.31.93.139",
            "public_dns": "ec2-54-175-166-210.compute-1.amazonaws.com",
            "public_ip": "54.175.166.210",
            "root_block_device": [
              {
                "delete_on_termination": true,
                "device_name": "/dev/sda1",
                "encrypted": true,
                "iops": 150,
                "kms_key_id": "arn:aws:kms:us-east-1:751057572977:key/031cddf1-3346-45e8-a2dc-6e62edd221eb",
                "tags": null,
                "tags_all": {},
                "throughput": 0,
                "volume_id": "vol-0dd9a29b2129b178b",
                "volume_size": 50,
                "volume_type": "gp2"
              }
            ],
            "secondary_private_ips": [],
            "security_groups": [
              "default"
            ],
            "source_dest_check": true,
            "spot_instance_request_id": "",
            "subnet_id": "subnet-05d25068344104546",
            "tags": {
              "Name": "single-vm-49f25f35-c886-4d5e-b880-c3c383f4f7c4"
            },
            "tags_all": {
              "Name": "single-vm-49f25f35-c886-4d5e-b880-c3c383f4f7c4"
            },
            "tenancy": "default",
            "timeouts": null,
            "user_data": null,
            "user_data_base64": null,
            "user_data_replace_on_change": false,
            "volume_tags": null,
            "vpc_security_group_ids": [
              "sg-038ccec9310169fce"
            ]
          },
          "sensitive_attributes": [],
          "private": "eyJlMmJmYjczMC1lY2FhLTExZTYtOGY4OC0zNDM2M2JjN2M0YzAiOnsiY3JlYXRlIjo2MDAwMDAwMDAwMDAsImRlbGV0ZSI6MTIwMDAwMDAwMDAwMCwicmVhZCI6OTAwMDAwMDAwMDAwLCJ1cGRhdGUiOjYwMDAwMDAwMDAwMH0sInNjaGVtYV92ZXJzaW9uIjoiMSJ9",
          "dependencies": [
            "aws_iam_instance_profile.ssm_instance_profile_49f25f35-c886-4d5e-b880-c3c383f4f7c4",
            "aws_iam_role.ssm_role_49f25f35-c886-4d5e-b880-c3c383f4f7c4"
          ]
        }
      ]
    }
  ],
  "check_results": null
}
